
Microsoft Visual Studio Solution File, Format Version 12.00
# Visual Studio Version 17
VisualStudioVersion = 17.9.34607.119
MinimumVisualStudioVersion = 10.0.40219.1
Project("{FAE04EC0-301F-11D3-BF4B-00C04F79EFBC}") = "MyFirstMAUI", "MyFirstMAUI\MyFirstMAUI.csproj", "{93468059-112C-4D46-9AEC-BFE8E86D5810}"
EndProject
Global
	GlobalSection(SolutionConfigurationPlatforms) = preSolution
		Debug|Any CPU = Debug|Any CPU
		Release|Any CPU = Release|Any CPU
	EndGlobalSection
	GlobalSection(ProjectConfigurationPlatforms) = postSolution
		{93468059-112C-4D46-9AEC-BFE8E86D5810}.Debug|Any CPU.ActiveCfg = Debug|Any CPU
		{93468059-112C-4D46-9AEC-BFE8E86D5810}.Debug|Any CPU.Build.0 = Debug|Any CPU
		{93468059-112C-4D46-9AEC-BFE8E86D5810}.Debug|Any CPU.Deploy.0 = Debug|Any CPU
		{93468059-112C-4D46-9AEC-BFE8E86D5810}.Release|Any CPU.ActiveCfg = Release|Any CPU
		{93468059-112C-4D46-9AEC-BFE8E86D5810}.Release|Any CPU.Build.0 = Release|Any CPU
		{93468059-112C-4D46-9AEC-BFE8E86D5810}.Release|Any CPU.Deploy.0 = Release|Any CPU
	EndGlobalSection
	GlobalSection(SolutionProperties) = preSolution
		HideSolutionNode = FALSE
	EndGlobalSection
	GlobalSection(ExtensibilityGlobals) = postSolution
		SolutionGuid = {FB29E864-54E3-466C-B7DB-7A2C435CBB9F}
	EndGlobalSection
EndGlobal
